
Microsoft Visual Studio Solution File, Format Version 12.00
# Visual Studio Version 16
VisualStudioVersion = 16.0.28803.352
MinimumVisualStudioVersion = 10.0.40219.1
Project("{9A19103F-16F7-4668-BE54-9A1E7A4F7556}") = "WebSample", "WebSample\WebSample.csproj", "{44C3E124-655F-49C7-BF81-19A4479D25BD}"
EndProject
Project("{9A19103F-16F7-4668-BE54-9A1E7A4F7556}") = "ReflectionConsole", "ReflectionConsole\ReflectionConsole.csproj", "{3DAD18C7-0957-464F-ABF8-0472534BA287}"
EndProject
Project("{9A19103F-16F7-4668-BE54-9A1E7A4F7556}") = "ExpressionApp", "ExpressionApp\ExpressionApp.csproj", "{334684C3-98CF-45B5-8F7C-DA8C3D1777FE}"
EndProject
Project("{9A19103F-16F7-4668-BE54-9A1E7A4F7556}") = "AsyncApp", "AsyncApp\AsyncApp.csproj", "{6405CA3D-F834-48E3-8A35-8FA42458FC6A}"
EndProject
Project("{9A19103F-16F7-4668-BE54-9A1E7A4F7556}") = "WorkFlowTest", "WorkFlowTest\WorkFlowTest.csproj", "{237D9E23-37C2-4EEE-927D-970A3BC77376}"
EndProject
Project("{FAE04EC0-301F-11D3-BF4B-00C04F79EFBC}") = "AopTest", "AopTest\AopTest.csproj", "{7E6AEB59-A9B7-44CB-A021-993206345367}"
EndProject
Global
	GlobalSection(SolutionConfigurationPlatforms) = preSolution
		Debug|Any CPU = Debug|Any CPU
		Release|Any CPU = Release|Any CPU
	EndGlobalSection
	GlobalSection(ProjectConfigurationPlatforms) = postSolution
		{44C3E124-655F-49C7-BF81-19A4479D25BD}.Debug|Any CPU.ActiveCfg = Debug|Any CPU
		{44C3E124-655F-49C7-BF81-19A4479D25BD}.Debug|Any CPU.Build.0 = Debug|Any CPU
		{44C3E124-655F-49C7-BF81-19A4479D25BD}.Release|Any CPU.ActiveCfg = Release|Any CPU
		{44C3E124-655F-49C7-BF81-19A4479D25BD}.Release|Any CPU.Build.0 = Release|Any CPU
		{3DAD18C7-0957-464F-ABF8-0472534BA287}.Debug|Any CPU.ActiveCfg = Debug|Any CPU
		{3DAD18C7-0957-464F-ABF8-0472534BA287}.Debug|Any CPU.Build.0 = Debug|Any CPU
		{3DAD18C7-0957-464F-ABF8-0472534BA287}.Release|Any CPU.ActiveCfg = Release|Any CPU
		{3DAD18C7-0957-464F-ABF8-0472534BA287}.Release|Any CPU.Build.0 = Release|Any CPU
		{334684C3-98CF-45B5-8F7C-DA8C3D1777FE}.Debug|Any CPU.ActiveCfg = Debug|Any CPU
		{334684C3-98CF-45B5-8F7C-DA8C3D1777FE}.Debug|Any CPU.Build.0 = Debug|Any CPU
		{334684C3-98CF-45B5-8F7C-DA8C3D1777FE}.Release|Any CPU.ActiveCfg = Release|Any CPU
		{334684C3-98CF-45B5-8F7C-DA8C3D1777FE}.Release|Any CPU.Build.0 = Release|Any CPU
		{6405CA3D-F834-48E3-8A35-8FA42458FC6A}.Debug|Any CPU.ActiveCfg = Debug|Any CPU
		{6405CA3D-F834-48E3-8A35-8FA42458FC6A}.Debug|Any CPU.Build.0 = Debug|Any CPU
		{6405CA3D-F834-48E3-8A35-8FA42458FC6A}.Release|Any CPU.ActiveCfg = Release|Any CPU
		{6405CA3D-F834-48E3-8A35-8FA42458FC6A}.Release|Any CPU.Build.0 = Release|Any CPU
		{237D9E23-37C2-4EEE-927D-970A3BC77376}.Debug|Any CPU.ActiveCfg = Debug|Any CPU
		{237D9E23-37C2-4EEE-927D-970A3BC77376}.Debug|Any CPU.Build.0 = Debug|Any CPU
		{237D9E23-37C2-4EEE-927D-970A3BC77376}.Release|Any CPU.ActiveCfg = Release|Any CPU
		{237D9E23-37C2-4EEE-927D-970A3BC77376}.Release|Any CPU.Build.0 = Release|Any CPU
		{7E6AEB59-A9B7-44CB-A021-993206345367}.Debug|Any CPU.ActiveCfg = Debug|Any CPU
		{7E6AEB59-A9B7-44CB-A021-993206345367}.Debug|Any CPU.Build.0 = Debug|Any CPU
		{7E6AEB59-A9B7-44CB-A021-993206345367}.Release|Any CPU.ActiveCfg = Release|Any CPU
		{7E6AEB59-A9B7-44CB-A021-993206345367}.Release|Any CPU.Build.0 = Release|Any CPU
	EndGlobalSection
	GlobalSection(SolutionProperties) = preSolution
		HideSolutionNode = FALSE
	EndGlobalSection
	GlobalSection(ExtensibilityGlobals) = postSolution
		SolutionGuid = {99561D07-42A4-403F-A238-9509146E9EBD}
	EndGlobalSection
EndGlobal
